
Microsoft Visual Studio Solution File, Format Version 12.00
# Visual Studio Version 17
VisualStudioVersion = 17.14.36414.22
MinimumVisualStudioVersion = 10.0.40219.1
Project("{FAE04EC0-301F-11D3-BF4B-00C04F79EFBC}") = "LeaveMenagementSystem.Web", "LeaveMenagementSystem.Web\LeaveMenagementSystem.Web.csproj", "{A100A9C7-956F-49B6-BD32-4DFFE27B802A}"
EndProject
Global
	GlobalSection(SolutionConfigurationPlatforms) = preSolution
		Debug|Any CPU = Debug|Any CPU
		Release|Any CPU = Release|Any CPU
	EndGlobalSection
	GlobalSection(ProjectConfigurationPlatforms) = postSolution
		{A100A9C7-956F-49B6-BD32-4DFFE27B802A}.Debug|Any CPU.ActiveCfg = Debug|Any CPU
		{A100A9C7-956F-49B6-BD32-4DFFE27B802A}.Debug|Any CPU.Build.0 = Debug|Any CPU
		{A100A9C7-956F-49B6-BD32-4DFFE27B802A}.Release|Any CPU.ActiveCfg = Release|Any CPU
		{A100A9C7-956F-49B6-BD32-4DFFE27B802A}.Release|Any CPU.Build.0 = Release|Any CPU
	EndGlobalSection
	GlobalSection(SolutionProperties) = preSolution
		HideSolutionNode = FALSE
	EndGlobalSection
	GlobalSection(ExtensibilityGlobals) = postSolution
		SolutionGuid = {FE386B58-6BA5-4B79-AA53-D43263677D0C}
	EndGlobalSection
EndGlobal
